
Microsoft Visual Studio Solution File, Format Version 12.00
# Visual Studio Version 16
VisualStudioVersion = 16.0.32106.194
MinimumVisualStudioVersion = 10.0.40219.1
Project("{FAE04EC0-301F-11D3-BF4B-00C04F79EFBC}") = "Proje.Android", "Proje.Android\Proje.Android.csproj", "{8F08C9D4-3460-48FF-B524-5D070EBD7221}"
EndProject
Project("{FAE04EC0-301F-11D3-BF4B-00C04F79EFBC}") = "Proje", "Proje\Proje.csproj", "{A23FC042-CD40-4DF7-94C6-66A94C7CC210}"
EndProject
Global
	GlobalSection(SolutionConfigurationPlatforms) = preSolution
		Debug|Any CPU = Debug|Any CPU
		Release|Any CPU = Release|Any CPU
	EndGlobalSection
	GlobalSection(ProjectConfigurationPlatforms) = postSolution
		{8F08C9D4-3460-48FF-B524-5D070EBD7221}.Debug|Any CPU.ActiveCfg = Debug|Any CPU
		{8F08C9D4-3460-48FF-B524-5D070EBD7221}.Debug|Any CPU.Build.0 = Debug|Any CPU
		{8F08C9D4-3460-48FF-B524-5D070EBD7221}.Debug|Any CPU.Deploy.0 = Debug|Any CPU
		{8F08C9D4-3460-48FF-B524-5D070EBD7221}.Release|Any CPU.ActiveCfg = Release|Any CPU
		{8F08C9D4-3460-48FF-B524-5D070EBD7221}.Release|Any CPU.Build.0 = Release|Any CPU
		{8F08C9D4-3460-48FF-B524-5D070EBD7221}.Release|Any CPU.Deploy.0 = Release|Any CPU
		{A23FC042-CD40-4DF7-94C6-66A94C7CC210}.Debug|Any CPU.ActiveCfg = Debug|Any CPU
		{A23FC042-CD40-4DF7-94C6-66A94C7CC210}.Debug|Any CPU.Build.0 = Debug|Any CPU
		{A23FC042-CD40-4DF7-94C6-66A94C7CC210}.Debug|Any CPU.Deploy.0 = Debug|Any CPU
		{A23FC042-CD40-4DF7-94C6-66A94C7CC210}.Release|Any CPU.ActiveCfg = Release|Any CPU
		{A23FC042-CD40-4DF7-94C6-66A94C7CC210}.Release|Any CPU.Build.0 = Release|Any CPU
		{A23FC042-CD40-4DF7-94C6-66A94C7CC210}.Release|Any CPU.Deploy.0 = Release|Any CPU
	EndGlobalSection
	GlobalSection(SolutionProperties) = preSolution
		HideSolutionNode = FALSE
	EndGlobalSection
	GlobalSection(ExtensibilityGlobals) = postSolution
		SolutionGuid = {532B3006-67FE-4DA4-893E-0DAAF48969E9}
	EndGlobalSection
EndGlobal
